
Microsoft Visual Studio Solution File, Format Version 12.00
# Visual Studio 15
VisualStudioVersion = 15.0.28307.168
MinimumVisualStudioVersion = 10.0.40219.1
Project("{888888A0-9F3D-457C-B088-3A5042F75D52}") = "rl_example", "rl_example.pyproj", "{658D7058-E223-4974-BAA7-BB86BC7349F7}"
EndProject
Global
	GlobalSection(SolutionConfigurationPlatforms) = preSolution
		Debug|Any CPU = Debug|Any CPU
		Release|Any CPU = Release|Any CPU
	EndGlobalSection
	GlobalSection(ProjectConfigurationPlatforms) = postSolution
		{658D7058-E223-4974-BAA7-BB86BC7349F7}.Debug|Any CPU.ActiveCfg = Debug|Any CPU
		{658D7058-E223-4974-BAA7-BB86BC7349F7}.Release|Any CPU.ActiveCfg = Release|Any CPU
	EndGlobalSection
	GlobalSection(SolutionProperties) = preSolution
		HideSolutionNode = FALSE
	EndGlobalSection
	GlobalSection(ExtensibilityGlobals) = postSolution
		SolutionGuid = {4FEC22D3-84F9-49FC-8E44-2350737EFAE3}
	EndGlobalSection
EndGlobal
